// !$*UTF8*$!
{
	archiveVersion = 1;
	classes = {
	};
	objectVersion = 56;
	objects = {

/* Begin PBXBuildFile section */
		F9F084BE28503CC700E5907F /* WeatherKitExampleApp.swift in Sources */ = {isa = PBXBuildFile; fileRef = F9F084BD28503CC700E5907F /* WeatherKitExampleApp.swift */; };
		F9F084C028503CC700E5907F /* ContentView.swift in Sources */ = {isa = PBXBuildFile; fileRef = F9F084BF28503CC700E5907F /* ContentView.swift */; };
		F9F084C228503CC800E5907F /* Assets.xcassets in Resources */ = {isa = PBXBuildFile; fileRef = F9F084C128503CC800E5907F /* Assets.xcassets */; };
		F9F084C528503CC800E5907F /* Preview Assets.xcassets in Resources */ = {isa = PBXBuildFile; fileRef = F9F084C428503CC800E5907F /* Preview Assets.xcassets */; };
		F9F084CF28503CC800E5907F /* WeatherKitExampleTests.swift in Sources */ = {isa = PBXBuildFile; fileRef = F9F084CE28503CC800E5907F /* WeatherKitExampleTests.swift */; };
		F9F084D928503CC900E5907F /* WeatherKitExampleUITests.swift in Sources */ = {isa = PBXBuildFile; fileRef = F9F084D828503CC900E5907F /* WeatherKitExampleUITests.swift */; };
		F9F084DB28503CC900E5907F /* WeatherKitExampleUITestsLaunchTests.swift in Sources */ = {isa = PBXBuildFile; fileRef = F9F084DA28503CC900E5907F /* WeatherKitExampleUITestsLaunchTests.swift */; };
		F9F084E928503D1700E5907F /* WeatherModel.swift in Sources */ = {isa = PBXBuildFile; fileRef = F9F084E828503D1700E5907F /* WeatherModel.swift */; };
/* End PBXBuildFile section */

/* Begin PBXContainerItemProxy section */
		F9F084CB28503CC800E5907F /* PBXContainerItemProxy */ = {
			isa = PBXContainerItemProxy;
			containerPortal = F9F084B228503CC700E5907F /* Project object */;
			proxyType = 1;
			remoteGlobalIDString = F9F084B928503CC700E5907F;
			remoteInfo = WeatherKitExample;
		};
		F9F084D528503CC900E5907F /* PBXContainerItemProxy */ = {
			isa = PBXContainerItemProxy;
			containerPortal = F9F084B228503CC700E5907F /* Project object */;
			proxyType = 1;
			remoteGlobalIDString = F9F084B928503CC700E5907F;
			remoteInfo = WeatherKitExample;
		};
/* End PBXContainerItemProxy section */

/* Begin PBXFileReference section */
		F9F084BA28503CC700E5907F /* WeatherKitExample.app */ = {isa = PBXFileReference; explicitFileType = wrapper.application; includeInIndex = 0; path = WeatherKitExample.app; sourceTree = BUILT_PRODUCTS_DIR; };
		F9F084BD28503CC700E5907F /* WeatherKitExampleApp.swift */ = {isa = PBXFileReference; lastKnownFileType = sourcecode.swift; path = WeatherKitExampleApp.swift; sourceTree = "<group>"; };
		F9F084BF28503CC700E5907F /* ContentView.swift */ = {isa = PBXFileReference; lastKnownFileType = sourcecode.swift; path = ContentView.swift; sourceTree = "<group>"; };
		F9F084C128503CC800E5907F /* Assets.xcassets */ = {isa = PBXFileReference; lastKnownFileType = folder.assetcatalog; path = Assets.xcassets; sourceTree = "<group>"; };
		F9F084C428503CC800E5907F /* Preview Assets.xcassets */ = {isa = PBXFileReference; lastKnownFileType = folder.assetcatalog; path = "Preview Assets.xcassets"; sourceTree = "<group>"; };
		F9F084CA28503CC800E5907F /* WeatherKitExampleTests.xctest */ = {isa = PBXFileReference; explicitFileType = wrapper.cfbundle; includeInIndex = 0; path = WeatherKitExampleTests.xctest; sourceTree = BUILT_PRODUCTS_DIR; };
		F9F084CE28503CC800E5907F /* WeatherKitExampleTests.swift */ = {isa = PBXFileReference; lastKnownFileType = sourcecode.swift; path = WeatherKitExampleTests.swift; sourceTree = "<group>"; };
		F9F084D428503CC900E5907F /* WeatherKitExampleUITests.xctest */ = {isa = PBXFileReference; explicitFileType = wrapper.cfbundle; includeInIndex = 0; path = WeatherKitExampleUITests.xctest; sourceTree = BUILT_PRODUCTS_DIR; };
		F9F084D828503CC900E5907F /* WeatherKitExampleUITests.swift */ = {isa = PBXFileReference; lastKnownFileType = sourcecode.swift; path = WeatherKitExampleUITests.swift; sourceTree = "<group>"; };
		F9F084DA28503CC900E5907F /* WeatherKitExampleUITestsLaunchTests.swift */ = {isa = PBXFileReference; lastKnownFileType = sourcecode.swift; path = WeatherKitExampleUITestsLaunchTests.swift; sourceTree = "<group>"; };
		F9F084E728503CEC00E5907F /* WeatherKitExample.entitlements */ = {isa = PBXFileReference; lastKnownFileType = text.plist.entitlements; path = WeatherKitExample.entitlements; sourceTree = "<group>"; };
		F9F084E828503D1700E5907F /* WeatherModel.swift */ = {isa = PBXFileReference; lastKnownFileType = sourcecode.swift; path = WeatherModel.swift; sourceTree = "<group>"; };
/* End PBXFileReference section */

/* Begin PBXFrameworksBuildPhase section */
		F9F084B728503CC700E5907F /* Frameworks */ = {
			isa = PBXFrameworksBuildPhase;
			buildActionMask = 2147483647;
			files = (
			);
			runOnlyForDeploymentPostprocessing = 0;
		};
		F9F084C728503CC800E5907F /* Frameworks */ = {
			isa = PBXFrameworksBuildPhase;
			buildActionMask = 2147483647;
			files = (
			);
			runOnlyForDeploymentPostprocessing = 0;
		};
		F9F084D128503CC900E5907F /* Frameworks */ = {
			isa = PBXFrameworksBuildPhase;
			buildActionMask = 2147483647;
			files = (
			);
			runOnlyForDeploymentPostprocessing = 0;
		};
/* End PBXFrameworksBuildPhase section */

/* Begin PBXGroup section */
		F9F084B128503CC700E5907F = {
			isa = PBXGroup;
			children = (
				F9F084BC28503CC700E5907F /* WeatherKitExample */,
				F9F084CD28503CC800E5907F /* WeatherKitExampleTests */,
				F9F084D728503CC900E5907F /* WeatherKitExampleUITests */,
				F9F084BB28503CC700E5907F /* Products */,
			);
			sourceTree = "<group>";
		};
		F9F084BB28503CC700E5907F /* Products */ = {
			isa = PBXGroup;
			children = (
				F9F084BA28503CC700E5907F /* WeatherKitExample.app */,
				F9F084CA28503CC800E5907F /* WeatherKitExampleTests.xctest */,
				F9F084D428503CC900E5907F /* WeatherKitExampleUITests.xctest */,
			);
			name = Products;
			sourceTree = "<group>";
		};
		F9F084BC28503CC700E5907F /* WeatherKitExample */ = {
			isa = PBXGroup;
			children = (
				F9F084E728503CEC00E5907F /* WeatherKitExample.entitlements */,
				F9F084BD28503CC700E5907F /* WeatherKitExampleApp.swift */,
				F9F084BF28503CC700E5907F /* ContentView.swift */,
				F9F084E828503D1700E5907F /* WeatherModel.swift */,
				F9F084C128503CC800E5907F /* Assets.xcassets */,
				F9F084C328503CC800E5907F /* Preview Content */,
			);
			path = WeatherKitExample;
			sourceTree = "<group>";
		};
		F9F084C328503CC800E5907F /* Preview Content */ = {
			isa = PBXGroup;
			children = (
				F9F084C428503CC800E5907F /* Preview Assets.xcassets */,
			);
			path = "Preview Content";
			sourceTree = "<group>";
		};
		F9F084CD28503CC800E5907F /* WeatherKitExampleTests */ = {
			isa = PBXGroup;
			children = (
				F9F084CE28503CC800E5907F /* WeatherKitExampleTests.swift */,
			);
			path = WeatherKitExampleTests;
			sourceTree = "<group>";
		};
		F9F084D728503CC900E5907F /* WeatherKitExampleUITests */ = {
			isa = PBXGroup;
			children = (
				F9F084D828503CC900E5907F /* WeatherKitExampleUITests.swift */,
				F9F084DA28503CC900E5907F /* WeatherKitExampleUITestsLaunchTests.swift */,
			);
			path = WeatherKitExampleUITests;
			sourceTree = "<group>";
		};
/* End PBXGroup section */

/* Begin PBXNativeTarget section */
		F9F084B928503CC700E5907F /* WeatherKitExample */ = {
			isa = PBXNativeTarget;
			buildConfigurationList = F9F084DE28503CC900E5907F /* Build configuration list for PBXNativeTarget "WeatherKitExample" */;
			buildPhases = (
				F9F084B628503CC700E5907F /* Sources */,
				F9F084B728503CC700E5907F /* Frameworks */,
				F9F084B828503CC700E5907F /* Resources */,
			);
			buildRules = (
			);
			dependencies = (
			);
			name = WeatherKitExample;
			productName = WeatherKitExample;
			productReference = F9F084BA28503CC700E5907F /* WeatherKitExample.app */;
			productType = "com.apple.product-type.application";
		};
		F9F084C928503CC800E5907F /* WeatherKitExampleTests */ = {
			isa = PBXNativeTarget;
			buildConfigurationList = F9F084E128503CC900E5907F /* Build configuration list for PBXNativeTarget "WeatherKitExampleTests" */;
			buildPhases = (
				F9F084C628503CC800E5907F /* Sources */,
				F9F084C728503CC800E5907F /* Frameworks */,
				F9F084C828503CC800E5907F /* Resources */,
			);
			buildRules = (
			);
			dependencies = (
				F9F084CC28503CC800E5907F /* PBXTargetDependency */,
			);
			name = WeatherKitExampleTests;
			productName = WeatherKitExampleTests;
			productReference = F9F084CA28503CC800E5907F /* WeatherKitExampleTests.xctest */;
			productType = "com.apple.product-type.bundle.unit-test";
		};
		F9F084D328503CC900E5907F /* WeatherKitExampleUITests */ = {
			isa = PBXNativeTarget;
			buildConfigurationList = F9F084E428503CC900E5907F /* Build configuration list for PBXNativeTarget "WeatherKitExampleUITests" */;
			buildPhases = (
				F9F084D028503CC900E5907F /* Sources */,
				F9F084D128503CC900E5907F /* Frameworks */,
				F9F084D228503CC900E5907F /* Resources */,
			);
			buildRules = (
			);
			dependencies = (
				F9F084D628503CC900E5907F /* PBXTargetDependency */,
			);
			name = WeatherKitExampleUITests;
			productName = WeatherKitExampleUITests;
			productReference = F9F084D428503CC900E5907F /* WeatherKitExampleUITests.xctest */;
			productType = "com.apple.product-type.bundle.ui-testing";
		};
/* End PBXNativeTarget section */

/* Begin PBXProject section */
		F9F084B228503CC700E5907F /* Project object */ = {
			isa = PBXProject;
			attributes = {
				BuildIndependentTargetsInParallel = 1;
				LastSwiftUpdateCheck = 1400;
				LastUpgradeCheck = 1400;
				TargetAttributes = {
					F9F084B928503CC700E5907F = {
						CreatedOnToolsVersion = 14.0;
					};
					F9F084C928503CC800E5907F = {
						CreatedOnToolsVersion = 14.0;
						TestTargetID = F9F084B928503CC700E5907F;
					};
					F9F084D328503CC900E5907F = {
						CreatedOnToolsVersion = 14.0;
						TestTargetID = F9F084B928503CC700E5907F;
					};
				};
			};
			buildConfigurationList = F9F084B528503CC700E5907F /* Build configuration list for PBXProject "WeatherKitExample" */;
			compatibilityVersion = "Xcode 14.0";
			developmentRegion = en;
			hasScannedForEncodings = 0;
			knownRegions = (
				en,
				Base,
			);
			mainGroup = F9F084B128503CC700E5907F;
			productRefGroup = F9F084BB28503CC700E5907F /* Products */;
			projectDirPath = "";
			projectRoot = "";
			targets = (
				F9F084B928503CC700E5907F /* WeatherKitExample */,
				F9F084C928503CC800E5907F /* WeatherKitExampleTests */,
				F9F084D328503CC900E5907F /* WeatherKitExampleUITests */,
			);
		};
/* End PBXProject section */

/* Begin PBXResourcesBuildPhase section */
		F9F084B828503CC700E5907F /* Resources */ = {
			isa = PBXResourcesBuildPhase;
			buildActionMask = 2147483647;
			files = (
				F9F084C528503CC800E5907F /* Preview Assets.xcassets in Resources */,
				F9F084C228503CC800E5907F /* Assets.xcassets in Resources */,
			);
			runOnlyForDeploymentPostprocessing = 0;
		};
		F9F084C828503CC800E5907F /* Resources */ = {
			isa = PBXResourcesBuildPhase;
			buildActionMask = 2147483647;
			files = (
			);
			runOnlyForDeploymentPostprocessing = 0;
		};
		F9F084D228503CC900E5907F /* Resources */ = {
			isa = PBXResourcesBuildPhase;
			buildActionMask = 2147483647;
			files = (
			);
			runOnlyForDeploymentPostprocessing = 0;
		};
/* End PBXResourcesBuildPhase section */

/* Begin PBXSourcesBuildPhase section */
		F9F084B628503CC700E5907F /* Sources */ = {
			isa = PBXSourcesBuildPhase;
			buildActionMask = 2147483647;
			files = (
				F9F084C028503CC700E5907F /* ContentView.swift in Sources */,
				F9F084E928503D1700E5907F /* WeatherModel.swift in Sources */,
				F9F084BE28503CC700E5907F /* WeatherKitExampleApp.swift in Sources */,
			);
			runOnlyForDeploymentPostprocessing = 0;
		};
		F9F084C628503CC800E5907F /* Sources */ = {
			isa = PBXSourcesBuildPhase;
			buildActionMask = 2147483647;
			files = (
				F9F084CF28503CC800E5907F /* WeatherKitExampleTests.swift in Sources */,
			);
			runOnlyForDeploymentPostprocessing = 0;
		};
		F9F084D028503CC900E5907F /* Sources */ = {
			isa = PBXSourcesBuildPhase;
			buildActionMask = 2147483647;
			files = (
				F9F084D928503CC900E5907F /* WeatherKitExampleUITests.swift in Sources */,
				F9F084DB28503CC900E5907F /* WeatherKitExampleUITestsLaunchTests.swift in Sources */,
			);
			runOnlyForDeploymentPostprocessing = 0;
		};
/* End PBXSourcesBuildPhase section */

/* Begin PBXTargetDependency section */
		F9F084CC28503CC800E5907F /* PBXTargetDependency */ = {
			isa = PBXTargetDependency;
			target = F9F084B928503CC700E5907F /* WeatherKitExample */;
			targetProxy = F9F084CB28503CC800E5907F /* PBXContainerItemProxy */;
		};
		F9F084D628503CC900E5907F /* PBXTargetDependency */ = {
			isa = PBXTargetDependency;
			target = F9F084B928503CC700E5907F /* WeatherKitExample */;
			targetProxy = F9F084D528503CC900E5907F /* PBXContainerItemProxy */;
		};
/* End PBXTargetDependency section */

/* Begin XCBuildConfiguration section */
		F9F084DC28503CC900E5907F /* Debug */ = {
			isa = XCBuildConfiguration;
			buildSettings = {
				ALWAYS_SEARCH_USER_PATHS = NO;
				CLANG_ANALYZER_NONNULL = YES;
				CLANG_ANALYZER_NUMBER_OBJECT_CONVERSION = YES_AGGRESSIVE;
				CLANG_CXX_LANGUAGE_STANDARD = "gnu++17";
				CLANG_ENABLE_MODULES = YES;
				CLANG_ENABLE_OBJC_ARC = YES;
				CLANG_ENABLE_OBJC_WEAK = YES;
				CLANG_WARN_BLOCK_CAPTURE_AUTORELEASING = YES;
				CLANG_WARN_BOOL_CONVERSION = YES;
				CLANG_WARN_COMMA = YES;
				CLANG_WARN_CONSTANT_CONVERSION = YES;
				CLANG_WARN_DEPRECATED_OBJC_IMPLEMENTATIONS = YES;
				CLANG_WARN_DIRECT_OBJC_ISA_USAGE = YES_ERROR;
				CLANG_WARN_DOCUMENTATION_COMMENTS = YES;
				CLANG_WARN_EMPTY_BODY = YES;
				CLANG_WARN_ENUM_CONVERSION = YES;
				CLANG_WARN_INFINITE_RECURSION = YES;
				CLANG_WARN_INT_CONVERSION = YES;
				CLANG_WARN_NON_LITERAL_NULL_CONVERSION = YES;
				CLANG_WARN_OBJC_IMPLICIT_RETAIN_SELF = YES;
				CLANG_WARN_OBJC_LITERAL_CONVERSION = YES;
				CLANG_WARN_OBJC_ROOT_CLASS = YES_ERROR;
				CLANG_WARN_QUOTED_INCLUDE_IN_FRAMEWORK_HEADER = YES;
				CLANG_WARN_RANGE_LOOP_ANALYSIS = YES;
				CLANG_WARN_STRICT_PROTOTYPES = YES;
				CLANG_WARN_SUSPICIOUS_MOVE = YES;
				CLANG_WARN_UNGUARDED_AVAILABILITY = YES_AGGRESSIVE;
				CLANG_WARN_UNREACHABLE_CODE = YES;
				CLANG_WARN__DUPLICATE_METHOD_MATCH = YES;
				COPY_PHASE_STRIP = NO;
				DEBUG_INFORMATION_FORMAT = dwarf;
				ENABLE_STRICT_OBJC_MSGSEND = YES;
				ENABLE_TESTABILITY = YES;
				GCC_C_LANGUAGE_STANDARD = gnu11;
				GCC_DYNAMIC_NO_PIC = NO;
				GCC_NO_COMMON_BLOCKS = YES;
				GCC_OPTIMIZATION_LEVEL = 0;
				GCC_PREPROCESSOR_DEFINITIONS = (
					"DEBUG=1",
					"$(inherited)",
				);
				GCC_WARN_64_TO_32_BIT_CONVERSION = YES;
				GCC_WARN_ABOUT_RETURN_TYPE = YES_ERROR;
				GCC_WARN_UNDECLARED_SELECTOR = YES;
				GCC_WARN_UNINITIALIZED_AUTOS = YES_AGGRESSIVE;
				GCC_WARN_UNUSED_FUNCTION = YES;
				GCC_WARN_UNUSED_VARIABLE = YES;
				IPHONEOS_DEPLOYMENT_TARGET = 16.0;
				MTL_ENABLE_DEBUG_INFO = INCLUDE_SOURCE;
				MTL_FAST_MATH = YES;
				ONLY_ACTIVE_ARCH = YES;
				SDKROOT = iphoneos;
				SWIFT_ACTIVE_COMPILATION_CONDITIONS = DEBUG;
				SWIFT_OPTIMIZATION_LEVEL = "-Onone";
			};
			name = Debug;
		};
		F9F084DD28503CC900E5907F /* Release */ = {
			isa = XCBuildConfiguration;
			buildSettings = {
				ALWAYS_SEARCH_USER_PATHS = NO;
				CLANG_ANALYZER_NONNULL = YES;
				CLANG_ANALYZER_NUMBER_OBJECT_CONVERSION = YES_AGGRESSIVE;
				CLANG_CXX_LANGUAGE_STANDARD = "gnu++17";
				CLANG_ENABLE_MODULES = YES;
				CLANG_ENABLE_OBJC_ARC = YES;
				CLANG_ENABLE_OBJC_WEAK = YES;
				CLANG_WARN_BLOCK_CAPTURE_AUTORELEASING = YES;
				CLANG_WARN_BOOL_CONVERSION = YES;
				CLANG_WARN_COMMA = YES;
				CLANG_WARN_CONSTANT_CONVERSION = YES;
				CLANG_WARN_DEPRECATED_OBJC_IMPLEMENTATIONS = YES;
				CLANG_WARN_DIRECT_OBJC_ISA_USAGE = YES_ERROR;
				CLANG_WARN_DOCUMENTATION_COMMENTS = YES;
				CLANG_WARN_EMPTY_BODY = YES;
				CLANG_WARN_ENUM_CONVERSION = YES;
				CLANG_WARN_INFINITE_RECURSION = YES;
				CLANG_WARN_INT_CONVERSION = YES;
				CLANG_WARN_NON_LITERAL_NULL_CONVERSION = YES;
				CLANG_WARN_OBJC_IMPLICIT_RETAIN_SELF = YES;
				CLANG_WARN_OBJC_LITERAL_CONVERSION = YES;
				CLANG_WARN_OBJC_ROOT_CLASS = YES_ERROR;
				CLANG_WARN_QUOTED_INCLUDE_IN_FRAMEWORK_HEADER = YES;
				CLANG_WARN_RANGE_LOOP_ANALYSIS = YES;
				CLANG_WARN_STRICT_PROTOTYPES = YES;
				CLANG_WARN_SUSPICIOUS_MOVE = YES;
				CLANG_WARN_UNGUARDED_AVAILABILITY = YES_AGGRESSIVE;
				CLANG_WARN_UNREACHABLE_CODE = YES;
				CLANG_WARN__DUPLICATE_METHOD_MATCH = YES;
				COPY_PHASE_STRIP = NO;
				DEBUG_INFORMATION_FORMAT = "dwarf-with-dsym";
				ENABLE_NS_ASSERTIONS = NO;
				ENABLE_STRICT_OBJC_MSGSEND = YES;
				GCC_C_LANGUAGE_STANDARD = gnu11;
				GCC_NO_COMMON_BLOCKS = YES;
				GCC_WARN_64_TO_32_BIT_CONVERSION = YES;
				GCC_WARN_ABOUT_RETURN_TYPE = YES_ERROR;
				GCC_WARN_UNDECLARED_SELECTOR = YES;
				GCC_WARN_UNINITIALIZED_AUTOS = YES_AGGRESSIVE;
				GCC_WARN_UNUSED_FUNCTION = YES;
				GCC_WARN_UNUSED_VARIABLE = YES;
				IPHONEOS_DEPLOYMENT_TARGET = 16.0;
				MTL_ENABLE_DEBUG_INFO = NO;
				MTL_FAST_MATH = YES;
				SDKROOT = iphoneos;
				SWIFT_COMPILATION_MODE = wholemodule;
				SWIFT_OPTIMIZATION_LEVEL = "-O";
				VALIDATE_PRODUCT = YES;
			};
			name = Release;
		};
		F9F084DF28503CC900E5907F /* Debug */ = {
			isa = XCBuildConfiguration;
			buildSettings = {
				ASSETCATALOG_COMPILER_APPICON_NAME = AppIcon;
				ASSETCATALOG_COMPILER_GLOBAL_ACCENT_COLOR_NAME = AccentColor;
				CODE_SIGN_ENTITLEMENTS = WeatherKitExample/WeatherKitExample.entitlements;
				CODE_SIGN_STYLE = Automatic;
				CURRENT_PROJECT_VERSION = 1;
				DEVELOPMENT_ASSET_PATHS = "\"WeatherKitExample/Preview Content\"";
				DEVELOPMENT_TEAM = UXQZC726DV;
				ENABLE_PREVIEWS = YES;
				GENERATE_INFOPLIST_FILE = YES;
				INFOPLIST_KEY_UIApplicationSceneManifest_Generation = YES;
				INFOPLIST_KEY_UIApplicationSupportsIndirectInputEvents = YES;
				INFOPLIST_KEY_UILaunchScreen_Generation = YES;
				INFOPLIST_KEY_UISupportedInterfaceOrientations_iPad = "UIInterfaceOrientationPortrait UIInterfaceOrientationPortraitUpsideDown UIInterfaceOrientationLandscapeLeft UIInterfaceOrientationLandscapeRight";
				INFOPLIST_KEY_UISupportedInterfaceOrientations_iPhone = "UIInterfaceOrientationPortrait UIInterfaceOrientationLandscapeLeft UIInterfaceOrientationLandscapeRight";
				LD_RUNPATH_SEARCH_PATHS = (
					"$(inherited)",
					"@executable_path/Frameworks",
				);
				MARKETING_VERSION = 1.0;
				PRODUCT_BUNDLE_IDENTIFIER = com.weathernews.WeatherKitExample;
				PRODUCT_NAME = "$(TARGET_NAME)";
				SWIFT_EMIT_LOC_STRINGS = YES;
				SWIFT_VERSION = 5.0;
				TARGETED_DEVICE_FAMILY = "1,2";
			};
			name = Debug;
		};
		F9F084E028503CC900E5907F /* Release */ = {
			isa = XCBuildConfiguration;
			buildSettings = {
				ASSETCATALOG_COMPILER_APPICON_NAME = AppIcon;
				ASSETCATALOG_COMPILER_GLOBAL_ACCENT_COLOR_NAME = AccentColor;
				CODE_SIGN_ENTITLEMENTS = WeatherKitExample/WeatherKitExample.entitlements;
				CODE_SIGN_STYLE = Automatic;
				CURRENT_PROJECT_VERSION = 1;
				DEVELOPMENT_ASSET_PATHS = "\"WeatherKitExample/Preview Content\"";
				DEVELOPMENT_TEAM = UXQZC726DV;
				ENABLE_PREVIEWS = YES;
				GENERATE_INFOPLIST_FILE = YES;
				INFOPLIST_KEY_UIApplicationSceneManifest_Generation = YES;
				INFOPLIST_KEY_UIApplicationSupportsIndirectInputEvents = YES;
				INFOPLIST_KEY_UILaunchScreen_Generation = YES;
				INFOPLIST_KEY_UISupportedInterfaceOrientations_iPad = "UIInterfaceOrientationPortrait UIInterfaceOrientationPortraitUpsideDown UIInterfaceOrientationLandscapeLeft UIInterfaceOrientationLandscapeRight";
				INFOPLIST_KEY_UISupportedInterfaceOrientations_iPhone = "UIInterfaceOrientationPortrait UIInterfaceOrientationLandscapeLeft UIInterfaceOrientationLandscapeRight";
				LD_RUNPATH_SEARCH_PATHS = (
					"$(inherited)",
					"@executable_path/Frameworks",
				);
				MARKETING_VERSION = 1.0;
				PRODUCT_BUNDLE_IDENTIFIER = com.weathernews.WeatherKitExample;
				PRODUCT_NAME = "$(TARGET_NAME)";
				SWIFT_EMIT_LOC_STRINGS = YES;
				SWIFT_VERSION = 5.0;
				TARGETED_DEVICE_FAMILY = "1,2";
			};
			name = Release;
		};
		F9F084E228503CC900E5907F /* Debug */ = {
			isa = XCBuildConfiguration;
			buildSettings = {
				ALWAYS_EMBED_SWIFT_STANDARD_LIBRARIES = YES;
				BUNDLE_LOADER = "$(TEST_HOST)";
				CODE_SIGN_STYLE = Automatic;
				CURRENT_PROJECT_VERSION = 1;
				DEVELOPMENT_TEAM = UXQZC726DV;
				GENERATE_INFOPLIST_FILE = YES;
				IPHONEOS_DEPLOYMENT_TARGET = 16.0;
				MARKETING_VERSION = 1.0;
				PRODUCT_BUNDLE_IDENTIFIER = com.weathernews.WeatherKitExampleTests;
				PRODUCT_NAME = "$(TARGET_NAME)";
				SWIFT_EMIT_LOC_STRINGS = NO;
				SWIFT_VERSION = 5.0;
				TARGETED_DEVICE_FAMILY = "1,2";
				TEST_HOST = "$(BUILT_PRODUCTS_DIR)/WeatherKitExample.app/$(BUNDLE_EXECUTABLE_FOLDER_PATH)/WeatherKitExample";
			};
			name = Debug;
		};
		F9F084E328503CC900E5907F /* Release */ = {
			isa = XCBuildConfiguration;
			buildSettings = {
				ALWAYS_EMBED_SWIFT_STANDARD_LIBRARIES = YES;
				BUNDLE_LOADER = "$(TEST_HOST)";
				CODE_SIGN_STYLE = Automatic;
				CURRENT_PROJECT_VERSION = 1;
				DEVELOPMENT_TEAM = UXQZC726DV;
				GENERATE_INFOPLIST_FILE = YES;
				IPHONEOS_DEPLOYMENT_TARGET = 16.0;
				MARKETING_VERSION = 1.0;
				PRODUCT_BUNDLE_IDENTIFIER = com.weathernews.WeatherKitExampleTests;
				PRODUCT_NAME = "$(TARGET_NAME)";
				SWIFT_EMIT_LOC_STRINGS = NO;
				SWIFT_VERSION = 5.0;
				TARGETED_DEVICE_FAMILY = "1,2";
				TEST_HOST = "$(BUILT_PRODUCTS_DIR)/WeatherKitExample.app/$(BUNDLE_EXECUTABLE_FOLDER_PATH)/WeatherKitExample";
			};
			name = Release;
		};
		F9F084E528503CC900E5907F /* Debug */ = {
			isa = XCBuildConfiguration;
			buildSettings = {
				ALWAYS_EMBED_SWIFT_STANDARD_LIBRARIES = YES;
				CODE_SIGN_STYLE = Automatic;
				CURRENT_PROJECT_VERSION = 1;
				DEVELOPMENT_TEAM = UXQZC726DV;
				GENERATE_INFOPLIST_FILE = YES;
				MARKETING_VERSION = 1.0;
				PRODUCT_BUNDLE_IDENTIFIER = com.weathernews.WeatherKitExampleUITests;
				PRODUCT_NAME = "$(TARGET_NAME)";
				SWIFT_EMIT_LOC_STRINGS = NO;
				SWIFT_VERSION = 5.0;
				TARGETED_DEVICE_FAMILY = "1,2";
				TEST_TARGET_NAME = WeatherKitExample;
			};
			name = Debug;
		};
		F9F084E628503CC900E5907F /* Release */ = {
			isa = XCBuildConfiguration;
			buildSettings = {
				ALWAYS_EMBED_SWIFT_STANDARD_LIBRARIES = YES;
				CODE_SIGN_STYLE = Automatic;
				CURRENT_PROJECT_VERSION = 1;
				DEVELOPMENT_TEAM = UXQZC726DV;
				GENERATE_INFOPLIST_FILE = YES;
				MARKETING_VERSION = 1.0;
				PRODUCT_BUNDLE_IDENTIFIER = com.weathernews.WeatherKitExampleUITests;
				PRODUCT_NAME = "$(TARGET_NAME)";
				SWIFT_EMIT_LOC_STRINGS = NO;
				SWIFT_VERSION = 5.0;
				TARGETED_DEVICE_FAMILY = "1,2";
				TEST_TARGET_NAME = WeatherKitExample;
			};
			name = Release;
		};
/* End XCBuildConfiguration section */

/* Begin XCConfigurationList section */
		F9F084B528503CC700E5907F /* Build configuration list for PBXProject "WeatherKitExample" */ = {
			isa = XCConfigurationList;
			buildConfigurations = (
				F9F084DC28503CC900E5907F /* Debug */,
				F9F084DD28503CC900E5907F /* Release */,
			);
			defaultConfigurationIsVisible = 0;
			defaultConfigurationName = Release;
		};
		F9F084DE28503CC900E5907F /* Build configuration list for PBXNativeTarget "WeatherKitExample" */ = {
			isa = XCConfigurationList;
			buildConfigurations = (
				F9F084DF28503CC900E5907F /* Debug */,
				F9F084E028503CC900E5907F /* Release */,
			);
			defaultConfigurationIsVisible = 0;
			defaultConfigurationName = Release;
		};
		F9F084E128503CC900E5907F /* Build configuration list for PBXNativeTarget "WeatherKitExampleTests" */ = {
			isa = XCConfigurationList;
			buildConfigurations = (
				F9F084E228503CC900E5907F /* Debug */,
				F9F084E328503CC900E5907F /* Release */,
			);
			defaultConfigurationIsVisible = 0;
			defaultConfigurationName = Release;
		};
		F9F084E428503CC900E5907F /* Build configuration list for PBXNativeTarget "WeatherKitExampleUITests" */ = {
			isa = XCConfigurationList;
			buildConfigurations = (
				F9F084E528503CC900E5907F /* Debug */,
				F9F084E628503CC900E5907F /* Release */,
			);
			defaultConfigurationIsVisible = 0;
			defaultConfigurationName = Release;
		};
/* End XCConfigurationList section */
	};
	rootObject = F9F084B228503CC700E5907F /* Project object */;
}
